
Microsoft Visual Studio Solution File, Format Version 11.00
# Visual Studio 2010
Project("{FAE04EC0-301F-11D3-BF4B-00C04F79EFBC}") = "HudsonLedSygnalizer", "HudsonLedSygnalizer\HudsonLedSygnalizer.csproj", "{B5D16BD6-D0B2-41E1-8AD4-B8DBE46DCCFF}"
EndProject
Project("{2150E333-8FDC-42A3-9474-1A3956D46DE8}") = "Solution Items", "Solution Items", "{52F97805-CA2C-40FF-A7E0-2BC286BF7CE0}"
EndProject
Global
	GlobalSection(SolutionConfigurationPlatforms) = preSolution
		Debug|x86 = Debug|x86
		Release|x86 = Release|x86
	EndGlobalSection
	GlobalSection(ProjectConfigurationPlatforms) = postSolution
		{B5D16BD6-D0B2-41E1-8AD4-B8DBE46DCCFF}.Debug|x86.ActiveCfg = Debug|x86
		{B5D16BD6-D0B2-41E1-8AD4-B8DBE46DCCFF}.Debug|x86.Build.0 = Debug|x86
		{B5D16BD6-D0B2-41E1-8AD4-B8DBE46DCCFF}.Release|x86.ActiveCfg = Release|x86
		{B5D16BD6-D0B2-41E1-8AD4-B8DBE46DCCFF}.Release|x86.Build.0 = Release|x86
	EndGlobalSection
	GlobalSection(SolutionProperties) = preSolution
		HideSolutionNode = FALSE
	EndGlobalSection
EndGlobal
